// !$*UTF8*$!
{
	archiveVersion = 1;
	classes = {
	};
	objectVersion = 46;
	objects = {

/* Begin PBXBuildFile section */
		C33A68321CE7B17500484F76 /* AppDelegate.swift in Sources */ = {isa = PBXBuildFile; fileRef = C33A68311CE7B17500484F76 /* AppDelegate.swift */; };
		C33A68341CE7B17500484F76 /* ViewController.swift in Sources */ = {isa = PBXBuildFile; fileRef = C33A68331CE7B17500484F76 /* ViewController.swift */; };
		C33A68371CE7B17500484F76 /* Main.storyboard in Resources */ = {isa = PBXBuildFile; fileRef = C33A68351CE7B17500484F76 /* Main.storyboard */; };
		C33A68391CE7B17500484F76 /* Assets.xcassets in Resources */ = {isa = PBXBuildFile; fileRef = C33A68381CE7B17500484F76 /* Assets.xcassets */; };
		C33A683C1CE7B17500484F76 /* LaunchScreen.storyboard in Resources */ = {isa = PBXBuildFile; fileRef = C33A683A1CE7B17500484F76 /* LaunchScreen.storyboard */; };
		C33A68471CE7B17500484F76 /* MetalEDTests.swift in Sources */ = {isa = PBXBuildFile; fileRef = C33A68461CE7B17500484F76 /* MetalEDTests.swift */; };
		C33A68521CE7B33C00484F76 /* CameraController.swift in Sources */ = {isa = PBXBuildFile; fileRef = C33A68511CE7B33C00484F76 /* CameraController.swift */; };
		C33A68541CE7BF9C00484F76 /* VideoView.swift in Sources */ = {isa = PBXBuildFile; fileRef = C33A68531CE7BF9C00484F76 /* VideoView.swift */; };
		C33A68571CE8C14500484F76 /* YCbCrKernel.metal in Sources */ = {isa = PBXBuildFile; fileRef = C33A68561CE8C14500484F76 /* YCbCrKernel.metal */; };
		C33A685A1CE8D7BC00484F76 /* VideoBuffer.swift in Sources */ = {isa = PBXBuildFile; fileRef = C33A68591CE8D7BC00484F76 /* VideoBuffer.swift */; };
		C33A685C1CEA218600484F76 /* SobelAndDiZenzoCumaniKernel.metal in Sources */ = {isa = PBXBuildFile; fileRef = C33A685B1CEA218600484F76 /* SobelAndDiZenzoCumaniKernel.metal */; };
		C33A685E1CEA235800484F76 /* ImageSobelAndDiZenzoCumani.swift in Sources */ = {isa = PBXBuildFile; fileRef = C33A685D1CEA235800484F76 /* ImageSobelAndDiZenzoCumani.swift */; };
		C33A68611CEA319500484F76 /* ImageYCbCr2RGB.swift in Sources */ = {isa = PBXBuildFile; fileRef = C33A68601CEA319500484F76 /* ImageYCbCr2RGB.swift */; };
		C34CFE151D043DBB00812597 /* Vertex.metal in Sources */ = {isa = PBXBuildFile; fileRef = C34CFE141D043DBB00812597 /* Vertex.metal */; };
		C34CFE171D04415400812597 /* Common.metal in Sources */ = {isa = PBXBuildFile; fileRef = C34CFE161D04415400812597 /* Common.metal */; };
		C34F48BC1D03304F00E6E0D4 /* CommandEncoder.swift in Sources */ = {isa = PBXBuildFile; fileRef = C34F48BB1D03304F00E6E0D4 /* CommandEncoder.swift */; };
		C34F48BE1D03447000E6E0D4 /* RenderEncoder.swift in Sources */ = {isa = PBXBuildFile; fileRef = C34F48BD1D03447000E6E0D4 /* RenderEncoder.swift */; };
		C34F48C01D0349FA00E6E0D4 /* GPU.swift in Sources */ = {isa = PBXBuildFile; fileRef = C34F48BF1D0349FA00E6E0D4 /* GPU.swift */; };
		C34F48C21D035F1200E6E0D4 /* StandardExtensions.swift in Sources */ = {isa = PBXBuildFile; fileRef = C34F48C11D035F1200E6E0D4 /* StandardExtensions.swift */; };
		C34F48C41D03639500E6E0D4 /* FullScreenVertexes.swift in Sources */ = {isa = PBXBuildFile; fileRef = C34F48C31D03639500E6E0D4 /* FullScreenVertexes.swift */; };
		C35DD18B1D04A8DE009AB813 /* RenderTarget.swift in Sources */ = {isa = PBXBuildFile; fileRef = C35DD18A1D04A8DE009AB813 /* RenderTarget.swift */; };
/* End PBXBuildFile section */

/* Begin PBXContainerItemProxy section */
		C33A68431CE7B17500484F76 /* PBXContainerItemProxy */ = {
			isa = PBXContainerItemProxy;
			containerPortal = C33A68261CE7B17400484F76 /* Project object */;
			proxyType = 1;
			remoteGlobalIDString = C33A682D1CE7B17500484F76;
			remoteInfo = MetalPEL;
		};
/* End PBXContainerItemProxy section */

/* Begin PBXFileReference section */
		C33A682E1CE7B17500484F76 /* MetalED.app */ = {isa = PBXFileReference; explicitFileType = wrapper.application; includeInIndex = 0; path = MetalED.app; sourceTree = BUILT_PRODUCTS_DIR; };
		C33A68311CE7B17500484F76 /* AppDelegate.swift */ = {isa = PBXFileReference; lastKnownFileType = sourcecode.swift; path = AppDelegate.swift; sourceTree = "<group>"; };
		C33A68331CE7B17500484F76 /* ViewController.swift */ = {isa = PBXFileReference; lastKnownFileType = sourcecode.swift; path = ViewController.swift; sourceTree = "<group>"; };
		C33A68361CE7B17500484F76 /* Base */ = {isa = PBXFileReference; lastKnownFileType = file.storyboard; name = Base; path = Base.lproj/Main.storyboard; sourceTree = "<group>"; };
		C33A68381CE7B17500484F76 /* Assets.xcassets */ = {isa = PBXFileReference; lastKnownFileType = folder.assetcatalog; path = Assets.xcassets; sourceTree = "<group>"; };
		C33A683B1CE7B17500484F76 /* Base */ = {isa = PBXFileReference; lastKnownFileType = file.storyboard; name = Base; path = Base.lproj/LaunchScreen.storyboard; sourceTree = "<group>"; };
		C33A683D1CE7B17500484F76 /* Info.plist */ = {isa = PBXFileReference; lastKnownFileType = text.plist.xml; path = Info.plist; sourceTree = "<group>"; };
		C33A68421CE7B17500484F76 /* MetalED.xctest */ = {isa = PBXFileReference; explicitFileType = wrapper.cfbundle; includeInIndex = 0; path = MetalED.xctest; sourceTree = BUILT_PRODUCTS_DIR; };
		C33A68461CE7B17500484F76 /* MetalEDTests.swift */ = {isa = PBXFileReference; lastKnownFileType = sourcecode.swift; path = MetalEDTests.swift; sourceTree = "<group>"; };
		C33A68481CE7B17500484F76 /* Info.plist */ = {isa = PBXFileReference; lastKnownFileType = text.plist.xml; path = Info.plist; sourceTree = "<group>"; };
		C33A68511CE7B33C00484F76 /* CameraController.swift */ = {isa = PBXFileReference; fileEncoding = 4; lastKnownFileType = sourcecode.swift; path = CameraController.swift; sourceTree = "<group>"; };
		C33A68531CE7BF9C00484F76 /* VideoView.swift */ = {isa = PBXFileReference; fileEncoding = 4; lastKnownFileType = sourcecode.swift; path = VideoView.swift; sourceTree = "<group>"; };
		C33A68561CE8C14500484F76 /* YCbCrKernel.metal */ = {isa = PBXFileReference; fileEncoding = 4; lastKnownFileType = sourcecode.metal; path = YCbCrKernel.metal; sourceTree = "<group>"; };
		C33A68591CE8D7BC00484F76 /* VideoBuffer.swift */ = {isa = PBXFileReference; fileEncoding = 4; lastKnownFileType = sourcecode.swift; path = VideoBuffer.swift; sourceTree = "<group>"; };
		C33A685B1CEA218600484F76 /* SobelAndDiZenzoCumaniKernel.metal */ = {isa = PBXFileReference; fileEncoding = 4; lastKnownFileType = sourcecode.metal; path = SobelAndDiZenzoCumaniKernel.metal; sourceTree = "<group>"; };
		C33A685D1CEA235800484F76 /* ImageSobelAndDiZenzoCumani.swift */ = {isa = PBXFileReference; fileEncoding = 4; lastKnownFileType = sourcecode.swift; path = ImageSobelAndDiZenzoCumani.swift; sourceTree = "<group>"; };
		C33A68601CEA319500484F76 /* ImageYCbCr2RGB.swift */ = {isa = PBXFileReference; fileEncoding = 4; lastKnownFileType = sourcecode.swift; path = ImageYCbCr2RGB.swift; sourceTree = "<group>"; };
		C34CFE141D043DBB00812597 /* Vertex.metal */ = {isa = PBXFileReference; fileEncoding = 4; lastKnownFileType = sourcecode.metal; path = Vertex.metal; sourceTree = "<group>"; };
		C34CFE161D04415400812597 /* Common.metal */ = {isa = PBXFileReference; fileEncoding = 4; lastKnownFileType = sourcecode.metal; path = Common.metal; sourceTree = "<group>"; };
		C34F48BB1D03304F00E6E0D4 /* CommandEncoder.swift */ = {isa = PBXFileReference; fileEncoding = 4; lastKnownFileType = sourcecode.swift; path = CommandEncoder.swift; sourceTree = "<group>"; };
		C34F48BD1D03447000E6E0D4 /* RenderEncoder.swift */ = {isa = PBXFileReference; fileEncoding = 4; lastKnownFileType = sourcecode.swift; path = RenderEncoder.swift; sourceTree = "<group>"; };
		C34F48BF1D0349FA00E6E0D4 /* GPU.swift */ = {isa = PBXFileReference; fileEncoding = 4; lastKnownFileType = sourcecode.swift; path = GPU.swift; sourceTree = "<group>"; };
		C34F48C11D035F1200E6E0D4 /* StandardExtensions.swift */ = {isa = PBXFileReference; fileEncoding = 4; lastKnownFileType = sourcecode.swift; path = StandardExtensions.swift; sourceTree = "<group>"; };
		C34F48C31D03639500E6E0D4 /* FullScreenVertexes.swift */ = {isa = PBXFileReference; fileEncoding = 4; lastKnownFileType = sourcecode.swift; path = FullScreenVertexes.swift; sourceTree = "<group>"; };
		C35DD18A1D04A8DE009AB813 /* RenderTarget.swift */ = {isa = PBXFileReference; fileEncoding = 4; lastKnownFileType = sourcecode.swift; path = RenderTarget.swift; sourceTree = "<group>"; };
/* End PBXFileReference section */

/* Begin PBXFrameworksBuildPhase section */
		C33A682B1CE7B17500484F76 /* Frameworks */ = {
			isa = PBXFrameworksBuildPhase;
			buildActionMask = 2147483647;
			files = (
			);
			runOnlyForDeploymentPostprocessing = 0;
		};
		C33A683F1CE7B17500484F76 /* Frameworks */ = {
			isa = PBXFrameworksBuildPhase;
			buildActionMask = 2147483647;
			files = (
			);
			runOnlyForDeploymentPostprocessing = 0;
		};
/* End PBXFrameworksBuildPhase section */

/* Begin PBXGroup section */
		C33A68251CE7B17400484F76 = {
			isa = PBXGroup;
			children = (
				C33A68301CE7B17500484F76 /* MetalED */,
				C33A68451CE7B17500484F76 /* MetalEDTests */,
				C33A682F1CE7B17500484F76 /* Products */,
			);
			sourceTree = "<group>";
		};
		C33A682F1CE7B17500484F76 /* Products */ = {
			isa = PBXGroup;
			children = (
				C33A682E1CE7B17500484F76 /* MetalED.app */,
				C33A68421CE7B17500484F76 /* MetalED.xctest */,
			);
			name = Products;
			sourceTree = "<group>";
		};
		C33A68301CE7B17500484F76 /* MetalED */ = {
			isa = PBXGroup;
			children = (
				C33A68581CE8C56C00484F76 /* Resources */,
				C33A685F1CEA2FE700484F76 /* Shaders */,
				C33A68331CE7B17500484F76 /* ViewController.swift */,
				C33A68511CE7B33C00484F76 /* CameraController.swift */,
				C33A68531CE7BF9C00484F76 /* VideoView.swift */,
				C33A68591CE8D7BC00484F76 /* VideoBuffer.swift */,
				C34F48C31D03639500E6E0D4 /* FullScreenVertexes.swift */,
				C34F48BF1D0349FA00E6E0D4 /* GPU.swift */,
				C34F48C11D035F1200E6E0D4 /* StandardExtensions.swift */,
			);
			path = MetalED;
			sourceTree = "<group>";
		};
		C33A68451CE7B17500484F76 /* MetalEDTests */ = {
			isa = PBXGroup;
			children = (
				C33A68461CE7B17500484F76 /* MetalEDTests.swift */,
				C33A68481CE7B17500484F76 /* Info.plist */,
			);
			path = MetalEDTests;
			sourceTree = "<group>";
		};
		C33A68551CE8C12D00484F76 /* Kernels */ = {
			isa = PBXGroup;
			children = (
				C33A68561CE8C14500484F76 /* YCbCrKernel.metal */,
				C33A685B1CEA218600484F76 /* SobelAndDiZenzoCumaniKernel.metal */,
				C34CFE141D043DBB00812597 /* Vertex.metal */,
				C34CFE161D04415400812597 /* Common.metal */,
			);
			name = Kernels;
			sourceTree = "<group>";
		};
		C33A68581CE8C56C00484F76 /* Resources */ = {
			isa = PBXGroup;
			children = (
				C33A68311CE7B17500484F76 /* AppDelegate.swift */,
				C33A68351CE7B17500484F76 /* Main.storyboard */,
				C33A68381CE7B17500484F76 /* Assets.xcassets */,
				C33A683A1CE7B17500484F76 /* LaunchScreen.storyboard */,
				C33A683D1CE7B17500484F76 /* Info.plist */,
			);
			name = Resources;
			sourceTree = "<group>";
		};
		C33A685F1CEA2FE700484F76 /* Shaders */ = {
			isa = PBXGroup;
			children = (
				C33A685D1CEA235800484F76 /* ImageSobelAndDiZenzoCumani.swift */,
				C33A68601CEA319500484F76 /* ImageYCbCr2RGB.swift */,
				C34F48BB1D03304F00E6E0D4 /* CommandEncoder.swift */,
				C34F48BD1D03447000E6E0D4 /* RenderEncoder.swift */,
				C33A68551CE8C12D00484F76 /* Kernels */,
				C35DD18A1D04A8DE009AB813 /* RenderTarget.swift */,
			);
			name = Shaders;
			sourceTree = "<group>";
		};
/* End PBXGroup section */

/* Begin PBXNativeTarget section */
		C33A682D1CE7B17500484F76 /* MetalED */ = {
			isa = PBXNativeTarget;
			buildConfigurationList = C33A684B1CE7B17500484F76 /* Build configuration list for PBXNativeTarget "MetalED" */;
			buildPhases = (
				C33A682A1CE7B17500484F76 /* Sources */,
				C33A682B1CE7B17500484F76 /* Frameworks */,
				C33A682C1CE7B17500484F76 /* Resources */,
			);
			buildRules = (
			);
			dependencies = (
			);
			name = MetalED;
			productName = MetalPEL;
			productReference = C33A682E1CE7B17500484F76 /* MetalED.app */;
			productType = "com.apple.product-type.application";
		};
		C33A68411CE7B17500484F76 /* MetalEDTests */ = {
			isa = PBXNativeTarget;
			buildConfigurationList = C33A684E1CE7B17500484F76 /* Build configuration list for PBXNativeTarget "MetalEDTests" */;
			buildPhases = (
				C33A683E1CE7B17500484F76 /* Sources */,
				C33A683F1CE7B17500484F76 /* Frameworks */,
				C33A68401CE7B17500484F76 /* Resources */,
			);
			buildRules = (
			);
			dependencies = (
				C33A68441CE7B17500484F76 /* PBXTargetDependency */,
			);
			name = MetalEDTests;
			productName = MetalPELTests;
			productReference = C33A68421CE7B17500484F76 /* MetalED.xctest */;
			productType = "com.apple.product-type.bundle.unit-test";
		};
/* End PBXNativeTarget section */

/* Begin PBXProject section */
		C33A68261CE7B17400484F76 /* Project object */ = {
			isa = PBXProject;
			attributes = {
				LastSwiftUpdateCheck = 0730;
				LastUpgradeCheck = 0730;
				ORGANIZATIONNAME = "Henrik Akesson";
				TargetAttributes = {
					C33A682D1CE7B17500484F76 = {
						CreatedOnToolsVersion = 7.3.1;
						DevelopmentTeam = 6B3J5WUHQS;
					};
					C33A68411CE7B17500484F76 = {
						CreatedOnToolsVersion = 7.3.1;
						TestTargetID = C33A682D1CE7B17500484F76;
					};
				};
			};
			buildConfigurationList = C33A68291CE7B17400484F76 /* Build configuration list for PBXProject "MetalED" */;
			compatibilityVersion = "Xcode 3.2";
			developmentRegion = English;
			hasScannedForEncodings = 0;
			knownRegions = (
				en,
				Base,
			);
			mainGroup = C33A68251CE7B17400484F76;
			productRefGroup = C33A682F1CE7B17500484F76 /* Products */;
			projectDirPath = "";
			projectRoot = "";
			targets = (
				C33A682D1CE7B17500484F76 /* MetalED */,
				C33A68411CE7B17500484F76 /* MetalEDTests */,
			);
		};
/* End PBXProject section */

/* Begin PBXResourcesBuildPhase section */
		C33A682C1CE7B17500484F76 /* Resources */ = {
			isa = PBXResourcesBuildPhase;
			buildActionMask = 2147483647;
			files = (
				C33A683C1CE7B17500484F76 /* LaunchScreen.storyboard in Resources */,
				C33A68391CE7B17500484F76 /* Assets.xcassets in Resources */,
				C33A68371CE7B17500484F76 /* Main.storyboard in Resources */,
			);
			runOnlyForDeploymentPostprocessing = 0;
		};
		C33A68401CE7B17500484F76 /* Resources */ = {
			isa = PBXResourcesBuildPhase;
			buildActionMask = 2147483647;
			files = (
			);
			runOnlyForDeploymentPostprocessing = 0;
		};
/* End PBXResourcesBuildPhase section */

/* Begin PBXSourcesBuildPhase section */
		C33A682A1CE7B17500484F76 /* Sources */ = {
			isa = PBXSourcesBuildPhase;
			buildActionMask = 2147483647;
			files = (
				C33A68611CEA319500484F76 /* ImageYCbCr2RGB.swift in Sources */,
				C34F48C01D0349FA00E6E0D4 /* GPU.swift in Sources */,
				C34F48BE1D03447000E6E0D4 /* RenderEncoder.swift in Sources */,
				C34F48C41D03639500E6E0D4 /* FullScreenVertexes.swift in Sources */,
				C33A68541CE7BF9C00484F76 /* VideoView.swift in Sources */,
				C33A68521CE7B33C00484F76 /* CameraController.swift in Sources */,
				C34CFE171D04415400812597 /* Common.metal in Sources */,
				C33A685C1CEA218600484F76 /* SobelAndDiZenzoCumaniKernel.metal in Sources */,
				C33A68341CE7B17500484F76 /* ViewController.swift in Sources */,
				C35DD18B1D04A8DE009AB813 /* RenderTarget.swift in Sources */,
				C33A68571CE8C14500484F76 /* YCbCrKernel.metal in Sources */,
				C33A68321CE7B17500484F76 /* AppDelegate.swift in Sources */,
				C33A685E1CEA235800484F76 /* ImageSobelAndDiZenzoCumani.swift in Sources */,
				C34F48C21D035F1200E6E0D4 /* StandardExtensions.swift in Sources */,
				C34CFE151D043DBB00812597 /* Vertex.metal in Sources */,
				C34F48BC1D03304F00E6E0D4 /* CommandEncoder.swift in Sources */,
				C33A685A1CE8D7BC00484F76 /* VideoBuffer.swift in Sources */,
			);
			runOnlyForDeploymentPostprocessing = 0;
		};
		C33A683E1CE7B17500484F76 /* Sources */ = {
			isa = PBXSourcesBuildPhase;
			buildActionMask = 2147483647;
			files = (
				C33A68471CE7B17500484F76 /* MetalEDTests.swift in Sources */,
			);
			runOnlyForDeploymentPostprocessing = 0;
		};
/* End PBXSourcesBuildPhase section */

/* Begin PBXTargetDependency section */
		C33A68441CE7B17500484F76 /* PBXTargetDependency */ = {
			isa = PBXTargetDependency;
			target = C33A682D1CE7B17500484F76 /* MetalED */;
			targetProxy = C33A68431CE7B17500484F76 /* PBXContainerItemProxy */;
		};
/* End PBXTargetDependency section */

/* Begin PBXVariantGroup section */
		C33A68351CE7B17500484F76 /* Main.storyboard */ = {
			isa = PBXVariantGroup;
			children = (
				C33A68361CE7B17500484F76 /* Base */,
			);
			name = Main.storyboard;
			sourceTree = "<group>";
		};
		C33A683A1CE7B17500484F76 /* LaunchScreen.storyboard */ = {
			isa = PBXVariantGroup;
			children = (
				C33A683B1CE7B17500484F76 /* Base */,
			);
			name = LaunchScreen.storyboard;
			sourceTree = "<group>";
		};
/* End PBXVariantGroup section */

/* Begin XCBuildConfiguration section */
		C33A68491CE7B17500484F76 /* Debug */ = {
			isa = XCBuildConfiguration;
			buildSettings = {
				ALWAYS_SEARCH_USER_PATHS = NO;
				CLANG_ANALYZER_NONNULL = YES;
				CLANG_CXX_LANGUAGE_STANDARD = "gnu++0x";
				CLANG_CXX_LIBRARY = "libc++";
				CLANG_ENABLE_MODULES = YES;
				CLANG_ENABLE_OBJC_ARC = YES;
				CLANG_WARN_BOOL_CONVERSION = YES;
				CLANG_WARN_CONSTANT_CONVERSION = YES;
				CLANG_WARN_DIRECT_OBJC_ISA_USAGE = YES_ERROR;
				CLANG_WARN_EMPTY_BODY = YES;
				CLANG_WARN_ENUM_CONVERSION = YES;
				CLANG_WARN_INT_CONVERSION = YES;
				CLANG_WARN_OBJC_ROOT_CLASS = YES_ERROR;
				CLANG_WARN_UNREACHABLE_CODE = YES;
				CLANG_WARN__DUPLICATE_METHOD_MATCH = YES;
				"CODE_SIGN_IDENTITY[sdk=iphoneos*]" = "iPhone Developer";
				COPY_PHASE_STRIP = NO;
				DEBUG_INFORMATION_FORMAT = dwarf;
				ENABLE_STRICT_OBJC_MSGSEND = YES;
				ENABLE_TESTABILITY = YES;
				GCC_C_LANGUAGE_STANDARD = gnu99;
				GCC_DYNAMIC_NO_PIC = NO;
				GCC_NO_COMMON_BLOCKS = YES;
				GCC_OPTIMIZATION_LEVEL = 0;
				GCC_PREPROCESSOR_DEFINITIONS = (
					"DEBUG=1",
					"$(inherited)",
				);
				GCC_WARN_64_TO_32_BIT_CONVERSION = YES;
				GCC_WARN_ABOUT_RETURN_TYPE = YES_ERROR;
				GCC_WARN_UNDECLARED_SELECTOR = YES;
				GCC_WARN_UNINITIALIZED_AUTOS = YES_AGGRESSIVE;
				GCC_WARN_UNUSED_FUNCTION = YES;
				GCC_WARN_UNUSED_VARIABLE = YES;
				IPHONEOS_DEPLOYMENT_TARGET = 9.3;
				MTL_ENABLE_DEBUG_INFO = YES;
				ONLY_ACTIVE_ARCH = YES;
				SDKROOT = iphoneos;
				SWIFT_OPTIMIZATION_LEVEL = "-Onone";
				TARGETED_DEVICE_FAMILY = "1,2";
			};
			name = Debug;
		};
		C33A684A1CE7B17500484F76 /* Release */ = {
			isa = XCBuildConfiguration;
			buildSettings = {
				ALWAYS_SEARCH_USER_PATHS = NO;
				CLANG_ANALYZER_NONNULL = YES;
				CLANG_CXX_LANGUAGE_STANDARD = "gnu++0x";
				CLANG_CXX_LIBRARY = "libc++";
				CLANG_ENABLE_MODULES = YES;
				CLANG_ENABLE_OBJC_ARC = YES;
				CLANG_WARN_BOOL_CONVERSION = YES;
				CLANG_WARN_CONSTANT_CONVERSION = YES;
				CLANG_WARN_DIRECT_OBJC_ISA_USAGE = YES_ERROR;
				CLANG_WARN_EMPTY_BODY = YES;
				CLANG_WARN_ENUM_CONVERSION = YES;
				CLANG_WARN_INT_CONVERSION = YES;
				CLANG_WARN_OBJC_ROOT_CLASS = YES_ERROR;
				CLANG_WARN_UNREACHABLE_CODE = YES;
				CLANG_WARN__DUPLICATE_METHOD_MATCH = YES;
				"CODE_SIGN_IDENTITY[sdk=iphoneos*]" = "iPhone Developer";
				COPY_PHASE_STRIP = NO;
				DEBUG_INFORMATION_FORMAT = "dwarf-with-dsym";
				ENABLE_NS_ASSERTIONS = NO;
				ENABLE_STRICT_OBJC_MSGSEND = YES;
				GCC_C_LANGUAGE_STANDARD = gnu99;
				GCC_NO_COMMON_BLOCKS = YES;
				GCC_WARN_64_TO_32_BIT_CONVERSION = YES;
				GCC_WARN_ABOUT_RETURN_TYPE = YES_ERROR;
				GCC_WARN_UNDECLARED_SELECTOR = YES;
				GCC_WARN_UNINITIALIZED_AUTOS = YES_AGGRESSIVE;
				GCC_WARN_UNUSED_FUNCTION = YES;
				GCC_WARN_UNUSED_VARIABLE = YES;
				IPHONEOS_DEPLOYMENT_TARGET = 9.3;
				MTL_ENABLE_DEBUG_INFO = NO;
				SDKROOT = iphoneos;
				TARGETED_DEVICE_FAMILY = "1,2";
				VALIDATE_PRODUCT = YES;
			};
			name = Release;
		};
		C33A684C1CE7B17500484F76 /* Debug */ = {
			isa = XCBuildConfiguration;
			buildSettings = {
				ASSETCATALOG_COMPILER_APPICON_NAME = AppIcon;
				CODE_SIGN_IDENTITY = "iPhone Developer";
				"CODE_SIGN_IDENTITY[sdk=iphoneos*]" = "iPhone Developer";
				INFOPLIST_FILE = "$(SRCROOT)/MetalED/Info.plist";
				LD_RUNPATH_SEARCH_PATHS = "$(inherited) @executable_path/Frameworks";
				PRODUCT_BUNDLE_IDENTIFIER = mobi.akesson.MetalED;
				PRODUCT_NAME = MetalED;
				PROVISIONING_PROFILE = "";
			};
			name = Debug;
		};
		C33A684D1CE7B17500484F76 /* Release */ = {
			isa = XCBuildConfiguration;
			buildSettings = {
				ASSETCATALOG_COMPILER_APPICON_NAME = AppIcon;
				CODE_SIGN_IDENTITY = "iPhone Developer";
				"CODE_SIGN_IDENTITY[sdk=iphoneos*]" = "iPhone Developer";
				INFOPLIST_FILE = "$(SRCROOT)/MetalED/Info.plist";
				LD_RUNPATH_SEARCH_PATHS = "$(inherited) @executable_path/Frameworks";
				PRODUCT_BUNDLE_IDENTIFIER = mobi.akesson.MetalED;
				PRODUCT_NAME = MetalED;
				PROVISIONING_PROFILE = "";
			};
			name = Release;
		};
		C33A684F1CE7B17500484F76 /* Debug */ = {
			isa = XCBuildConfiguration;
			buildSettings = {
				BUNDLE_LOADER = "$(TEST_HOST)";
				INFOPLIST_FILE = MetalPELTests/Info.plist;
				LD_RUNPATH_SEARCH_PATHS = "$(inherited) @executable_path/Frameworks @loader_path/Frameworks";
				PRODUCT_BUNDLE_IDENTIFIER = mobi.akesson.MetalPELTests;
				PRODUCT_NAME = MetalED;
				TEST_HOST = "$(BUILT_PRODUCTS_DIR)/MetalED.app/MetalED";
			};
			name = Debug;
		};
		C33A68501CE7B17500484F76 /* Release */ = {
			isa = XCBuildConfiguration;
			buildSettings = {
				BUNDLE_LOADER = "$(TEST_HOST)";
				INFOPLIST_FILE = MetalPELTests/Info.plist;
				LD_RUNPATH_SEARCH_PATHS = "$(inherited) @executable_path/Frameworks @loader_path/Frameworks";
				PRODUCT_BUNDLE_IDENTIFIER = mobi.akesson.MetalPELTests;
				PRODUCT_NAME = MetalED;
				TEST_HOST = "$(BUILT_PRODUCTS_DIR)/MetalED.app/MetalED";
			};
			name = Release;
		};
/* End XCBuildConfiguration section */

/* Begin XCConfigurationList section */
		C33A68291CE7B17400484F76 /* Build configuration list for PBXProject "MetalED" */ = {
			isa = XCConfigurationList;
			buildConfigurations = (
				C33A68491CE7B17500484F76 /* Debug */,
				C33A684A1CE7B17500484F76 /* Release */,
			);
			defaultConfigurationIsVisible = 0;
			defaultConfigurationName = Release;
		};
		C33A684B1CE7B17500484F76 /* Build configuration list for PBXNativeTarget "MetalED" */ = {
			isa = XCConfigurationList;
			buildConfigurations = (
				C33A684C1CE7B17500484F76 /* Debug */,
				C33A684D1CE7B17500484F76 /* Release */,
			);
			defaultConfigurationIsVisible = 0;
			defaultConfigurationName = Release;
		};
		C33A684E1CE7B17500484F76 /* Build configuration list for PBXNativeTarget "MetalEDTests" */ = {
			isa = XCConfigurationList;
			buildConfigurations = (
				C33A684F1CE7B17500484F76 /* Debug */,
				C33A68501CE7B17500484F76 /* Release */,
			);
			defaultConfigurationIsVisible = 0;
			defaultConfigurationName = Release;
		};
/* End XCConfigurationList section */
	};
	rootObject = C33A68261CE7B17400484F76 /* Project object */;
}
